<?xml version="1.0" encoding="utf-8"?>
<Project ToolsVersion="4.0" xmlns="http://schemas.microsoft.com/developer/msbuild/2003">
  <ItemGroup>
    <ClCompile Include="system.cpp" />
    <ClCompile Include="cpu_core.cpp" />
    <ClCompile Include="cpu_disasm.cpp" />
    <ClCompile Include="bus.cpp" />
    <ClCompile Include="dma.cpp" />
    <ClCompile Include="gdb_protocol.cpp" />
    <ClCompile Include="gpu.cpp" />
    <ClCompile Include="gpu_hw.cpp" />
    <ClCompile Include="interrupt_controller.cpp" />
    <ClCompile Include="cdrom.cpp" />
    <ClCompile Include="gte.cpp" />
    <ClCompile Include="pad.cpp" />
    <ClCompile Include="digital_controller.cpp" />
    <ClCompile Include="timers.cpp" />
    <ClCompile Include="spu.cpp" />
    <ClCompile Include="mdec.cpp" />
    <ClCompile Include="memory_card.cpp" />
    <ClCompile Include="settings.cpp" />
    <ClCompile Include="gpu_commands.cpp" />
    <ClCompile Include="gpu_sw.cpp" />
    <ClCompile Include="gpu_hw_shadergen.cpp" />
    <ClCompile Include="bios.cpp" />
    <ClCompile Include="cpu_code_cache.cpp" />
    <ClCompile Include="cpu_recompiler_register_cache.cpp" />
    <ClCompile Include="cpu_recompiler_code_generator_x64.cpp" />
    <ClCompile Include="cpu_recompiler_code_generator.cpp" />
    <ClCompile Include="cpu_recompiler_code_generator_generic.cpp" />
    <ClCompile Include="cpu_types.cpp" />
    <ClCompile Include="cpu_recompiler_code_generator_aarch64.cpp" />
    <ClCompile Include="sio.cpp" />
    <ClCompile Include="controller.cpp" />
    <ClCompile Include="analog_controller.cpp" />
    <ClCompile Include="timing_event.cpp" />
    <ClCompile Include="cdrom_async_reader.cpp" />
    <ClCompile Include="psf_loader.cpp" />
    <ClCompile Include="guncon.cpp" />
    <ClCompile Include="playstation_mouse.cpp" />
    <ClCompile Include="negcon.cpp" />
    <ClCompile Include="gpu_hw_vulkan.cpp" />
    <ClCompile Include="resources.cpp" />
    <ClCompile Include="host_interface_progress_callback.cpp" />
    <ClCompile Include="pgxp.cpp" />
    <ClCompile Include="cheats.cpp" />
    <ClCompile Include="shadergen.cpp" />
    <ClCompile Include="memory_card_image.cpp" />
    <ClCompile Include="analog_joystick.cpp" />
    <ClCompile Include="cpu_recompiler_code_generator_aarch32.cpp" />
    <ClCompile Include="gpu_backend.cpp" />
    <ClCompile Include="gpu_sw_backend.cpp" />
    <ClCompile Include="libcrypt_serials.cpp" />
    <ClCompile Include="texture_replacements.cpp" />
    <ClCompile Include="multitap.cpp" />
    <ClCompile Include="gpu_hw_d3d12.cpp" />
    <ClCompile Include="host.cpp" />
    <ClCompile Include="game_database.cpp" />
    <ClCompile Include="pcdrv.cpp" />
    <ClCompile Include="gpu\d3d11_device.cpp">
      <Filter>gpu</Filter>
    </ClCompile>
    <ClCompile Include="gpu\d3d12_gpu_device.cpp">
      <Filter>gpu</Filter>
    </ClCompile>
    <ClCompile Include="gpu\gpu_device.cpp">
      <Filter>gpu</Filter>
    </ClCompile>
    <ClCompile Include="gpu\opengl_device.cpp">
      <Filter>gpu</Filter>
    </ClCompile>
    <ClCompile Include="gpu\vulkan_gpu_device.cpp">
      <Filter>gpu</Filter>
    </ClCompile>
    <ClCompile Include="gpu\d3d12\shader_cache.cpp">
      <Filter>gpu\d3d12</Filter>
    </ClCompile>
    <ClCompile Include="gpu\d3d12\staging_texture.cpp">
      <Filter>gpu\d3d12</Filter>
    </ClCompile>
    <ClCompile Include="gpu\d3d12\stream_buffer.cpp">
      <Filter>gpu\d3d12</Filter>
    </ClCompile>
    <ClCompile Include="gpu\d3d12\util.cpp">
      <Filter>gpu\d3d12</Filter>
    </ClCompile>
    <ClCompile Include="gpu\d3d12\context.cpp">
      <Filter>gpu\d3d12</Filter>
    </ClCompile>
    <ClCompile Include="gpu\d3d12\descriptor_heap_manager.cpp">
      <Filter>gpu\d3d12</Filter>
    </ClCompile>
    <ClCompile Include="gpu\gl\context_egl_wayland.cpp">
      <Filter>gpu\gl</Filter>
    </ClCompile>
    <ClCompile Include="gpu\gl\context_egl_x11.cpp">
      <Filter>gpu\gl</Filter>
    </ClCompile>
    <ClCompile Include="gpu\gl\context_glx.cpp">
      <Filter>gpu\gl</Filter>
    </ClCompile>
    <ClCompile Include="gpu\gl\context_wgl.cpp">
      <Filter>gpu\gl</Filter>
    </ClCompile>
    <ClCompile Include="gpu\gl\x11_window.cpp">
      <Filter>gpu\gl</Filter>
    </ClCompile>
    <ClCompile Include="gpu\gl\context.cpp">
      <Filter>gpu\gl</Filter>
    </ClCompile>
    <ClCompile Include="gpu\gl\context_egl.cpp">
      <Filter>gpu\gl</Filter>
    </ClCompile>
    <ClCompile Include="gpu\vulkan\stream_buffer.cpp">
      <Filter>gpu\vulkan</Filter>
    </ClCompile>
    <ClCompile Include="gpu\vulkan\swap_chain.cpp">
      <Filter>gpu\vulkan</Filter>
    </ClCompile>
    <ClCompile Include="gpu\vulkan\util.cpp">
      <Filter>gpu\vulkan</Filter>
    </ClCompile>
    <ClCompile Include="gpu\vulkan\builders.cpp">
      <Filter>gpu\vulkan</Filter>
    </ClCompile>
    <ClCompile Include="gpu\vulkan\context.cpp">
      <Filter>gpu\vulkan</Filter>
    </ClCompile>
    <ClCompile Include="gpu\vulkan\loader.cpp">
      <Filter>gpu\vulkan</Filter>
    </ClCompile>
    <ClCompile Include="gpu\vulkan\shader_cache.cpp">
      <Filter>gpu\vulkan</Filter>
    </ClCompile>
    <ClCompile Include="gpu\vulkan\shader_compiler.cpp">
      <Filter>gpu\vulkan</Filter>
    </ClCompile>
    <ClCompile Include="gpu\postprocessing_chain.cpp">
      <Filter>gpu</Filter>
    </ClCompile>
    <ClCompile Include="gpu\postprocessing_shader.cpp">
      <Filter>gpu</Filter>
    </ClCompile>
    <ClCompile Include="gpu\postprocessing_shadergen.cpp">
      <Filter>gpu</Filter>
    </ClCompile>
    <ClCompile Include="gpu\imgui_impl_dx12.cpp">
      <Filter>gpu</Filter>
    </ClCompile>
    <ClCompile Include="gpu\imgui_impl_vulkan.cpp">
      <Filter>gpu</Filter>
    </ClCompile>
    <ClCompile Include="gpu\gpu_texture.cpp">
      <Filter>gpu</Filter>
    </ClCompile>
    <ClCompile Include="gpu\gpu_shader_cache.cpp">
      <Filter>gpu</Filter>
    </ClCompile>
    <ClCompile Include="gpu\opengl_texture.cpp">
      <Filter>gpu</Filter>
    </ClCompile>
    <ClCompile Include="gpu\opengl_stream_buffer.cpp">
      <Filter>gpu</Filter>
    </ClCompile>
    <ClCompile Include="gpu\opengl_pipeline.cpp">
      <Filter>gpu</Filter>
    </ClCompile>
    <ClCompile Include="gpu\d3d12\texture.cpp">
      <Filter>gpu\d3d12</Filter>
    </ClCompile>
    <ClCompile Include="gpu\vulkan\texture.cpp">
      <Filter>gpu\vulkan</Filter>
    </ClCompile>
  </ItemGroup>
  <ItemGroup>
    <ClInclude Include="types.h" />
    <ClInclude Include="save_state_version.h" />
    <ClInclude Include="system.h" />
    <ClInclude Include="cpu_core.h" />
    <ClInclude Include="cpu_types.h" />
    <ClInclude Include="cpu_disasm.h" />
    <ClInclude Include="bus.h" />
    <ClInclude Include="dma.h" />
    <ClInclude Include="gpu.h" />
    <ClInclude Include="gpu_hw.h" />
    <ClInclude Include="interrupt_controller.h" />
    <ClInclude Include="cdrom.h" />
    <ClInclude Include="gte.h" />
    <ClInclude Include="pad.h" />
    <ClInclude Include="digital_controller.h" />
    <ClInclude Include="timers.h" />
    <ClInclude Include="spu.h" />
    <ClInclude Include="mdec.h" />
    <ClInclude Include="memory_card.h" />
    <ClInclude Include="settings.h" />
    <ClInclude Include="gpu_sw.h" />
    <ClInclude Include="gpu_hw_shadergen.h" />
    <ClInclude Include="bios.h" />
    <ClInclude Include="cpu_recompiler_types.h" />
    <ClInclude Include="cpu_code_cache.h" />
    <ClInclude Include="cpu_recompiler_register_cache.h" />
    <ClInclude Include="cpu_recompiler_thunks.h" />
    <ClInclude Include="cpu_recompiler_code_generator.h" />
    <ClInclude Include="sio.h" />
    <ClInclude Include="controller.h" />
    <ClInclude Include="analog_controller.h" />
    <ClInclude Include="timing_event.h" />
    <ClInclude Include="cdrom_async_reader.h" />
    <ClInclude Include="psf_loader.h" />
    <ClInclude Include="guncon.h" />
    <ClInclude Include="playstation_mouse.h" />
    <ClInclude Include="negcon.h" />
    <ClInclude Include="gpu_hw_vulkan.h" />
    <ClInclude Include="resources.h" />
    <ClInclude Include="host_interface_progress_callback.h" />
    <ClInclude Include="gte_types.h" />
    <ClInclude Include="pgxp.h" />
    <ClInclude Include="cpu_core_private.h" />
    <ClInclude Include="cheats.h" />
    <ClInclude Include="shadergen.h" />
    <ClInclude Include="memory_card_image.h" />
    <ClInclude Include="analog_joystick.h" />
    <ClInclude Include="gpu_types.h" />
    <ClInclude Include="gpu_backend.h" />
    <ClInclude Include="gpu_sw_backend.h" />
    <ClInclude Include="libcrypt_serials.h" />
    <ClInclude Include="texture_replacements.h" />
    <ClInclude Include="shader_cache_version.h" />
    <ClInclude Include="multitap.h" />
    <ClInclude Include="gpu_hw_d3d12.h" />
    <ClInclude Include="gdb_protocol.h" />
    <ClInclude Include="host.h" />
    <ClInclude Include="host_settings.h" />
    <ClInclude Include="achievements.h" />
    <ClInclude Include="game_database.h" />
    <ClInclude Include="input_types.h" />
    <ClInclude Include="pcdrv.h" />
    <ClInclude Include="gpu\d3d11_device.h">
      <Filter>gpu</Filter>
    </ClInclude>
    <ClInclude Include="gpu\d3d12_gpu_device.h">
      <Filter>gpu</Filter>
    </ClInclude>
    <ClInclude Include="gpu\gpu_device.h">
      <Filter>gpu</Filter>
    </ClInclude>
    <ClInclude Include="gpu\opengl_device.h">
      <Filter>gpu</Filter>
    </ClInclude>
    <ClInclude Include="gpu\vulkan_gpu_device.h">
      <Filter>gpu</Filter>
    </ClInclude>
    <ClInclude Include="gpu\d3d12\shader_cache.h">
      <Filter>gpu\d3d12</Filter>
    </ClInclude>
    <ClInclude Include="gpu\d3d12\staging_texture.h">
      <Filter>gpu\d3d12</Filter>
    </ClInclude>
    <ClInclude Include="gpu\d3d12\stream_buffer.h">
      <Filter>gpu\d3d12</Filter>
    </ClInclude>
    <ClInclude Include="gpu\d3d12\util.h">
      <Filter>gpu\d3d12</Filter>
    </ClInclude>
    <ClInclude Include="gpu\d3d12\context.h">
      <Filter>gpu\d3d12</Filter>
    </ClInclude>
    <ClInclude Include="gpu\d3d12\descriptor_heap_manager.h">
      <Filter>gpu\d3d12</Filter>
    </ClInclude>
    <ClInclude Include="gpu\gl\context_egl_wayland.h">
      <Filter>gpu\gl</Filter>
    </ClInclude>
    <ClInclude Include="gpu\gl\context_egl_x11.h">
      <Filter>gpu\gl</Filter>
    </ClInclude>
    <ClInclude Include="gpu\gl\context_glx.h">
      <Filter>gpu\gl</Filter>
    </ClInclude>
    <ClInclude Include="gpu\gl\context_wgl.h">
      <Filter>gpu\gl</Filter>
    </ClInclude>
    <ClInclude Include="gpu\gl\x11_window.h">
      <Filter>gpu\gl</Filter>
    </ClInclude>
    <ClInclude Include="gpu\gl\context.h">
      <Filter>gpu\gl</Filter>
    </ClInclude>
    <ClInclude Include="gpu\gl\context_agl.h">
      <Filter>gpu\gl</Filter>
    </ClInclude>
    <ClInclude Include="gpu\gl\context_egl.h">
      <Filter>gpu\gl</Filter>
    </ClInclude>
    <ClInclude Include="gpu\vulkan\stream_buffer.h">
      <Filter>gpu\vulkan</Filter>
    </ClInclude>
    <ClInclude Include="gpu\vulkan\swap_chain.h">
      <Filter>gpu\vulkan</Filter>
    </ClInclude>
    <ClInclude Include="gpu\vulkan\util.h">
      <Filter>gpu\vulkan</Filter>
    </ClInclude>
    <ClInclude Include="gpu\vulkan\builders.h">
      <Filter>gpu\vulkan</Filter>
    </ClInclude>
    <ClInclude Include="gpu\vulkan\context.h">
      <Filter>gpu\vulkan</Filter>
    </ClInclude>
    <ClInclude Include="gpu\vulkan\entry_points.h">
      <Filter>gpu\vulkan</Filter>
    </ClInclude>
    <ClInclude Include="gpu\vulkan\loader.h">
      <Filter>gpu\vulkan</Filter>
    </ClInclude>
    <ClInclude Include="gpu\vulkan\shader_cache.h">
      <Filter>gpu\vulkan</Filter>
    </ClInclude>
    <ClInclude Include="gpu\vulkan\shader_compiler.h">
      <Filter>gpu\vulkan</Filter>
    </ClInclude>
    <ClInclude Include="gpu\postprocessing_chain.h">
      <Filter>gpu</Filter>
    </ClInclude>
    <ClInclude Include="gpu\postprocessing_shader.h">
      <Filter>gpu</Filter>
    </ClInclude>
    <ClInclude Include="gpu\postprocessing_shadergen.h">
      <Filter>gpu</Filter>
    </ClInclude>
    <ClInclude Include="gpu\imgui_impl_dx12.h">
      <Filter>gpu</Filter>
    </ClInclude>
    <ClInclude Include="gpu\imgui_impl_vulkan.h">
      <Filter>gpu</Filter>
    </ClInclude>
    <ClInclude Include="gpu\gpu_texture.h">
      <Filter>gpu</Filter>
    </ClInclude>
    <ClInclude Include="gpu\d3d_shaders.h">
      <Filter>gpu</Filter>
    </ClInclude>
    <ClInclude Include="gpu\gpu_shader_cache.h">
      <Filter>gpu</Filter>
    </ClInclude>
    <ClInclude Include="gpu\opengl_texture.h">
      <Filter>gpu</Filter>
    </ClInclude>
    <ClInclude Include="gpu\opengl_stream_buffer.h">
      <Filter>gpu</Filter>
    </ClInclude>
    <ClInclude Include="gpu\opengl_loader.h">
      <Filter>gpu</Filter>
    </ClInclude>
    <ClInclude Include="gpu\opengl_pipeline.h">
      <Filter>gpu</Filter>
    </ClInclude>
    <ClInclude Include="gpu\d3d12\texture.h">
      <Filter>gpu\d3d12</Filter>
    </ClInclude>
    <ClInclude Include="gpu\vulkan\texture.h">
      <Filter>gpu\vulkan</Filter>
    </ClInclude>
  </ItemGroup>
  <ItemGroup>
    <Filter Include="gpu">
      <UniqueIdentifier>{7b18fac1-ee2b-4816-8537-eb8f32d40ada}</UniqueIdentifier>
    </Filter>
    <Filter Include="gpu\d3d12">
      <UniqueIdentifier>{17c2f89b-5cf4-4d3a-9343-a03c1c668b85}</UniqueIdentifier>
    </Filter>
    <Filter Include="gpu\gl">
      <UniqueIdentifier>{e2aeacc6-65aa-4110-bef9-5f3e1fc0470e}</UniqueIdentifier>
    </Filter>
    <Filter Include="gpu\vulkan">
      <UniqueIdentifier>{e4809e3b-2adc-440a-82df-044a408409b3}</UniqueIdentifier>
    </Filter>
  </ItemGroup>
  <ItemGroup>
    <None Include="gpu\gl\context_agl.mm">
      <Filter>gpu\gl</Filter>
    </None>
    <None Include="gpu\vulkan\entry_points.inl">
      <Filter>gpu\vulkan</Filter>
    </None>
  </ItemGroup>
</Project>